# This file is automatically @generated by Poetry 1.8.4 and should not be changed by hand.

[[package]]
name = "cityhash"
version = "0.4.7"
description = "Python bindings for CityHash and FarmHash"
optional = false
python-versions = ">=3.6"
files = [
    {file = "cityhash-0.4.7-cp310-cp310-macosx_10_9_x86_64.whl", hash = "sha256:f04781c2385c8c2b7f628e0219f47f0c0b7a85a1c451829bb114f675a85e13d3"},
    {file = "cityhash-0.4.7-cp310-cp310-macosx_11_0_arm64.whl", hash = "sha256:398534267befbab8b714f2643bc46e8bffa82a6e0c12369f76fa7de8e8a83c27"},
    {file = "cityhash-0.4.7-cp310-cp310-manylinux_2_17_aarch64.manylinux2014_aarch64.whl", hash = "sha256:f2e1f8754a2ff5e0c9b73fc6d37a55e32353255f41c0e15b10f453a043b54bf3"},
    {file = "cityhash-0.4.7-cp310-cp310-manylinux_2_17_x86_64.manylinux2014_x86_64.whl", hash = "sha256:6a824a1c629ff2c73a2de9747751bb07ff034cfb15680a26e0aa7cbdd12a785a"},
    {file = "cityhash-0.4.7-cp310-cp310-win32.whl", hash = "sha256:fba05cedc2b459106338c85284375386d0fedbbb740918bf89a4b4dd01f3fab9"},
    {file = "cityhash-0.4.7-cp310-cp310-win_amd64.whl", hash = "sha256:2c224cd7c4cef985f3aede0059c1fabba03b4a476e58a8c6ed207e7b0e0286c7"},
    {file = "cityhash-0.4.7-cp311-cp311-macosx_10_9_x86_64.whl", hash = "sha256:41b9ae2919d5a917eab90671ded650d5a1d0c5334b38499b2029e5e1f5010654"},
    {file = "cityhash-0.4.7-cp311-cp311-macosx_11_0_arm64.whl", hash = "sha256:4707f9326240e84d204586bc96876b5f1d1499f3f5d639a70495702e0a200c26"},
    {file = "cityhash-0.4.7-cp311-cp311-manylinux_2_17_aarch64.manylinux2014_aarch64.whl", hash = "sha256:27bfeef13bf8e0bffb5e664aa608e1afec5736ee44ca6ff50e02affefbf2dc4e"},
    {file = "cityhash-0.4.7-cp311-cp311-manylinux_2_17_x86_64.manylinux2014_x86_64.whl", hash = "sha256:199e1a804d9ef83d4c0b32faa96fa8389134666e8c3f584919f98bf39ec2dba8"},
    {file = "cityhash-0.4.7-cp311-cp311-win32.whl", hash = "sha256:bf032e894776d73710e74d30884ad10e3db6b9f30a89b669620228a0ff760237"},
    {file = "cityhash-0.4.7-cp311-cp311-win_amd64.whl", hash = "sha256:58d4f97a74eb5d5ddb10798f7ab7f7cca1a056c0c7542adb34a10dacb70d24d8"},
    {file = "cityhash-0.4.7-cp36-cp36m-macosx_10_9_x86_64.whl", hash = "sha256:35e8604268779c7a908aee7b5010848d9d41b9dfb0f4ffda9da1b351b561706a"},
    {file = "cityhash-0.4.7-cp36-cp36m-manylinux_2_17_aarch64.manylinux2014_aarch64.whl", hash = "sha256:555de0297ec3ea4967024e092dfd4086b702dce4d4460cf9d8427222d692f11a"},
    {file = "cityhash-0.4.7-cp36-cp36m-manylinux_2_17_x86_64.manylinux2014_x86_64.whl", hash = "sha256:eeadab947f47c5474757de671b2d738cc93a1c2752b53170247df168f37e29d5"},
    {file = "cityhash-0.4.7-cp36-cp36m-win32.whl", hash = "sha256:d2f9a8188780b9b745fc829ab4529d5966ef8b2181b1fe8597c1c34c3166fdd7"},
    {file = "cityhash-0.4.7-cp36-cp36m-win_amd64.whl", hash = "sha256:1ace1e5567956afb940b42aa67a46992d7186f769a5aa5ae1016803f218da2be"},
    {file = "cityhash-0.4.7-cp37-cp37m-macosx_10_9_x86_64.whl", hash = "sha256:4522836720a17728687c35a16f4bda840fba76720a8ff8a22288f6b14ed71220"},
    {file = "cityhash-0.4.7-cp37-cp37m-manylinux_2_17_aarch64.manylinux2014_aarch64.whl", hash = "sha256:13e33a2d90b676fe57b7fc7b4d64f0a66e2cc804023daccfacd5d5e8c8f7d76f"},
    {file = "cityhash-0.4.7-cp37-cp37m-manylinux_2_17_x86_64.manylinux2014_x86_64.whl", hash = "sha256:a7cff0796909179b70ea74079ee66aa23ca3082f6cf677c1be91b70e02fd7039"},
    {file = "cityhash-0.4.7-cp37-cp37m-win32.whl", hash = "sha256:7b92b04749a1259e544a5d4e656bc7dbf73adb9e2fcbb07115ba9e72817808e4"},
    {file = "cityhash-0.4.7-cp37-cp37m-win_amd64.whl", hash = "sha256:7fbd65f7c8f8b5f07ae71e864c2d2c93746751ecd0e893ee5f1dcfae15c14c58"},
    {file = "cityhash-0.4.7-cp38-cp38-macosx_10_9_x86_64.whl", hash = "sha256:e357c5e9948aa0330f5165cdb028c53d6395d5648738dd445451139b98dd429f"},
    {file = "cityhash-0.4.7-cp38-cp38-manylinux_2_17_aarch64.manylinux2014_aarch64.whl", hash = "sha256:9bf1dedf49b8deb92027e03fc3263990e332ed4ef99f714a77831ef3fa709f63"},
    {file = "cityhash-0.4.7-cp38-cp38-manylinux_2_17_x86_64.manylinux2014_x86_64.whl", hash = "sha256:b55bc8c2b56bf1a1823727694b21492adb3209bd9802931507ab421ef623b896"},
    {file = "cityhash-0.4.7-cp38-cp38-win32.whl", hash = "sha256:7b64513952a5bd0e50db1a53371bf1bf79d2e46b488a2df5935e5df546c38723"},
    {file = "cityhash-0.4.7-cp38-cp38-win_amd64.whl", hash = "sha256:ba624521111321e4fdbd6a7a41b42450ee023989747226c07162a60089a7035b"},
    {file = "cityhash-0.4.7-cp39-cp39-macosx_10_9_x86_64.whl", hash = "sha256:f448918241e853039c70df612ae46349c4f0e05179035fc29ca8c157a1dadec6"},
    {file = "cityhash-0.4.7-cp39-cp39-macosx_11_0_arm64.whl", hash = "sha256:ae834004a0030902c795d1ae1943837108c722f1aed62cb1b2012f869f2faa18"},
    {file = "cityhash-0.4.7-cp39-cp39-manylinux_2_17_aarch64.manylinux2014_aarch64.whl", hash = "sha256:c75c14ccfb61062ee828834003a7ca84fae473d0ade82896e1f3cbc53d68aab1"},
    {file = "cityhash-0.4.7-cp39-cp39-manylinux_2_17_x86_64.manylinux2014_x86_64.whl", hash = "sha256:3135a82d57b27bd782916732964c3249680052a20e613df68a3256cd002183bb"},
    {file = "cityhash-0.4.7-cp39-cp39-win32.whl", hash = "sha256:336a26d8cd5464176a29028189ad5e690b97056685be7abd9c0c923dcffcd2e1"},
    {file = "cityhash-0.4.7-cp39-cp39-win_amd64.whl", hash = "sha256:5904ccf30aae1061ba9272b979a003776b913d62a23eb1009b9568463b456f8e"},
    {file = "cityhash-0.4.7.tar.gz", hash = "sha256:6f9eb09b725f0ccfa84e7eaab859d6adb646963f5a7a0d1e0a50ae269625877c"},
]

[[package]]
name = "click"
version = "8.1.7"
description = "Composable command line interface toolkit"
optional = false
python-versions = ">=3.7"
files = [
    {file = "click-8.1.7-py3-none-any.whl", hash = "sha256:ae74fb96c20a0277a1d615f1e4d73c8414f5a98db8b799a7931d1582f3390c28"},
    {file = "click-8.1.7.tar.gz", hash = "sha256:ca9853ad459e787e2192211578cc907e7594e294c7ccc834310722b41b9ca6de"},
]

[package.dependencies]
colorama = {version = "*", markers = "platform_system == \"Windows\""}

[[package]]
name = "colorama"
version = "0.4.6"
description = "Cross-platform colored terminal text."
optional = false
python-versions = "!=3.0.*,!=3.1.*,!=3.2.*,!=3.3.*,!=3.4.*,!=3.5.*,!=3.6.*,>=2.7"
files = [
    {file = "colorama-0.4.6-py2.py3-none-any.whl", hash = "sha256:4f1d9991f5acc0ca119f9d443620b77f9d6b33703e51011c16baf57afb285fc6"},
    {file = "colorama-0.4.6.tar.gz", hash = "sha256:08695f5cb7ed6e0531a20572697297273c47b8cae5a63ffc6d6ed5c201be6e44"},
]

[[package]]
name = "markdown-it-py"
version = "3.0.0"
description = "Python port of markdown-it. Markdown parsing, done right!"
optional = false
python-versions = ">=3.8"
files = [
    {file = "markdown-it-py-3.0.0.tar.gz", hash = "sha256:e3f60a94fa066dc52ec76661e37c851cb232d92f9886b15cb560aaada2df8feb"},
    {file = "markdown_it_py-3.0.0-py3-none-any.whl", hash = "sha256:355216845c60bd96232cd8d8c40e8f9765cc86f46880e43a8fd22dc1a1a8cab1"},
]

[package.dependencies]
mdurl = ">=0.1,<1.0"

[package.extras]
benchmarking = ["psutil", "pytest", "pytest-benchmark"]
code-style = ["pre-commit (>=3.0,<4.0)"]
compare = ["commonmark (>=0.9,<1.0)", "markdown (>=3.4,<4.0)", "mistletoe (>=1.0,<2.0)", "mistune (>=2.0,<3.0)", "panflute (>=2.3,<3.0)"]
linkify = ["linkify-it-py (>=1,<3)"]
plugins = ["mdit-py-plugins"]
profiling = ["gprof2dot"]
rtd = ["jupyter_sphinx", "mdit-py-plugins", "myst-parser", "pyyaml", "sphinx", "sphinx-copybutton", "sphinx-design", "sphinx_book_theme"]
testing = ["coverage", "pytest", "pytest-cov", "pytest-regressions"]

[[package]]
name = "mdurl"
version = "0.1.2"
description = "Markdown URL utilities"
optional = false
python-versions = ">=3.7"
files = [
    {file = "mdurl-0.1.2-py3-none-any.whl", hash = "sha256:84008a41e51615a49fc9966191ff91509e3c40b939176e643fd50a5c2196b8f8"},
    {file = "mdurl-0.1.2.tar.gz", hash = "sha256:bb413d29f5eea38f31dd4754dd7377d4465116fb207585f97bf925588687c1ba"},
]

[[package]]
name = "polib"
version = "1.2.0"
description = "A library to manipulate gettext files (po and mo files)."
optional = false
python-versions = "*"
files = [
    {file = "polib-1.2.0-py2.py3-none-any.whl", hash = "sha256:1c77ee1b81feb31df9bca258cbc58db1bbb32d10214b173882452c73af06d62d"},
    {file = "polib-1.2.0.tar.gz", hash = "sha256:f3ef94aefed6e183e342a8a269ae1fc4742ba193186ad76f175938621dbfc26b"},
]

[[package]]
name = "pygments"
version = "2.18.0"
description = "Pygments is a syntax highlighting package written in Python."
optional = false
python-versions = ">=3.8"
files = [
    {file = "pygments-2.18.0-py3-none-any.whl", hash = "sha256:b8e6aca0523f3ab76fee51799c488e38782ac06eafcf95e7ba832985c8e7b13a"},
    {file = "pygments-2.18.0.tar.gz", hash = "sha256:786ff802f32e91311bff3889f6e9a86e81505fe99f2735bb6d60ae0c5004f199"},
]

[package.extras]
windows-terminal = ["colorama (>=0.4.6)"]

[[package]]
name = "rich"
version = "13.9.4"
description = "Render rich text, tables, progress bars, syntax highlighting, markdown and more to the terminal"
optional = false
python-versions = ">=3.8.0"
files = [
    {file = "rich-13.9.4-py3-none-any.whl", hash = "sha256:6049d5e6ec054bf2779ab3358186963bac2ea89175919d699e378b99738c2a90"},
    {file = "rich-13.9.4.tar.gz", hash = "sha256:439594978a49a09530cff7ebc4b5c7103ef57baf48d5ea3184f21d9a2befa098"},
]

[package.dependencies]
markdown-it-py = ">=2.2.0"
pygments = ">=2.13.0,<3.0.0"

[package.extras]
jupyter = ["ipywidgets (>=7.5.1,<9)"]

[[package]]
name = "shellingham"
version = "1.5.4"
description = "Tool to Detect Surrounding Shell"
optional = false
python-versions = ">=3.7"
files = [
    {file = "shellingham-1.5.4-py2.py3-none-any.whl", hash = "sha256:7ecfff8f2fd72616f7481040475a65b2bf8af90a56c89140852d1120324e8686"},
    {file = "shellingham-1.5.4.tar.gz", hash = "sha256:8dbca0739d487e5bd35ab3ca4b36e11c4078f3a234bfce294b0a0291363404de"},
]

[[package]]
name = "typer"
version = "0.13.0"
description = "Typer, build great CLIs. Easy to code. Based on Python type hints."
optional = false
python-versions = ">=3.7"
files = [
    {file = "typer-0.13.0-py3-none-any.whl", hash = "sha256:d85fe0b777b2517cc99c8055ed735452f2659cd45e451507c76f48ce5c1d00e2"},
    {file = "typer-0.13.0.tar.gz", hash = "sha256:f1c7198347939361eec90139ffa0fd8b3df3a2259d5852a0f7400e476d95985c"},
]

[package.dependencies]
click = ">=8.0.0"
rich = ">=10.11.0"
shellingham = ">=1.3.0"
typing-extensions = ">=3.7.4.3"

[[package]]
name = "typing-extensions"
version = "4.12.2"
description = "Backported and Experimental Type Hints for Python 3.8+"
optional = false
python-versions = ">=3.8"
files = [
    {file = "typing_extensions-4.12.2-py3-none-any.whl", hash = "sha256:04e5ca0351e0f3f85c6853954072df659d0d13fac324d0072316b67d7794700d"},
    {file = "typing_extensions-4.12.2.tar.gz", hash = "sha256:1a7ead55c7e559dd4dee8856e3a88b41225abfe1ce8df57b7c13915fe121ffb8"},
]

[metadata]
lock-version = "2.0"
python-versions = "^3.13"
content-hash = "f42cfcbf747cf014f8b8f081d88cc1861aaa8a920d98e8e2ecd195c7b056630b"
